{
  "name": "hapi-in-context",
  "version": "0.0.1",
  "lockfileVersion": 1,
  "requires": true,
  "dependencies": {
    "align-text": {
      "version": "0.1.4",
      "resolved": "https://npm.paypal.com/repository/npm-all/align-text/-/align-text-0.1.4.tgz",
      "integrity": "sha1-DNkKVhCT810KmSVsIrcGlDP60Rc=",
      "requires": {
        "kind-of": "3.2.2",
        "longest": "1.0.1",
        "repeat-string": "1.6.1"
      }
    },
    "amdefine": {
      "version": "1.0.1",
      "resolved": "https://npm.paypal.com/repository/npm-all/amdefine/-/amdefine-1.0.1.tgz",
      "integrity": "sha1-SlKCrBZHKek2Gbz9OtFR+BfOkfU="
    },
    "ammo": {
      "version": "1.0.1",
      "resolved": "https://npm.paypal.com/repository/npm-all/ammo/-/ammo-1.0.1.tgz",
      "integrity": "sha1-j4rdFM1Jve3jurOj4OvK8h0D3os=",
      "requires": {
        "boom": "2.10.1",
        "hoek": "2.16.3"
      },
      "dependencies": {
        "hoek": {
          "version": "2.16.3",
          "resolved": "https://npm.paypal.com/repository/npm-all/hoek/-/hoek-2.16.3.tgz",
          "integrity": "sha1-ILt0A9POo5jpHcRxCo/xuCdKJe0="
        }
      }
    },
    "async": {
      "version": "1.5.2",
      "resolved": "https://npm.paypal.com/repository/npm-all/async/-/async-1.5.2.tgz",
      "integrity": "sha1-7GphrlZIDAw8skHJVhjiCJL5Zyo="
    },
    "boom": {
      "version": "2.10.1",
      "resolved": "https://npm.paypal.com/repository/npm-all/boom/-/boom-2.10.1.tgz",
      "integrity": "sha1-OciRjO/1eZ+D+UkqhI9iWt0Mdm8=",
      "requires": {
        "hoek": "2.16.3"
      },
      "dependencies": {
        "hoek": {
          "version": "2.16.3",
          "resolved": "https://npm.paypal.com/repository/npm-all/hoek/-/hoek-2.16.3.tgz",
          "integrity": "sha1-ILt0A9POo5jpHcRxCo/xuCdKJe0="
        }
      }
    },
    "bower": {
      "version": "1.8.4",
      "resolved": "https://npm.paypal.com/repository/npm-all/bower/-/bower-1.8.4.tgz",
      "integrity": "sha1-54dqB23rgTf30GUl3F6MZtuC8oo="
    },
    "buffer-crc32": {
      "version": "0.2.13",
      "resolved": "https://npm.paypal.com/repository/npm-all/buffer-crc32/-/buffer-crc32-0.2.13.tgz",
      "integrity": "sha1-DTM+PwDqxQqhRUq9MO+MKl2ackI="
    },
    "camelcase": {
      "version": "1.2.1",
      "resolved": "https://npm.paypal.com/repository/npm-all/camelcase/-/camelcase-1.2.1.tgz",
      "integrity": "sha1-m7UwTS4LVmmLLHWLCKPqqdqlijk=",
      "optional": true
    },
    "center-align": {
      "version": "0.1.3",
      "resolved": "https://npm.paypal.com/repository/npm-all/center-align/-/center-align-0.1.3.tgz",
      "integrity": "sha1-qg0yYptu6XIgBBHL1EYckHvCt60=",
      "optional": true,
      "requires": {
        "align-text": "0.1.4",
        "lazy-cache": "1.0.4"
      }
    },
    "cliui": {
      "version": "2.1.0",
      "resolved": "https://npm.paypal.com/repository/npm-all/cliui/-/cliui-2.1.0.tgz",
      "integrity": "sha1-S0dXYP+AJkx2LDoXGQMukcf+oNE=",
      "optional": true,
      "requires": {
        "center-align": "0.1.3",
        "right-align": "0.1.3",
        "wordwrap": "0.0.2"
      },
      "dependencies": {
        "wordwrap": {
          "version": "0.0.2",
          "resolved": "https://npm.paypal.com/repository/npm-all/wordwrap/-/wordwrap-0.0.2.tgz",
          "integrity": "sha1-t5Zpu0LstAn4PVg8rVLKF+qhZD8=",
          "optional": true
        }
      }
    },
    "decamelize": {
      "version": "1.2.0",
      "resolved": "https://npm.paypal.com/repository/npm-all/decamelize/-/decamelize-1.2.0.tgz",
      "integrity": "sha1-9lNNFRSCabIDUue+4m9QH5oZEpA=",
      "optional": true
    },
    "handlebars": {
      "version": "4.0.11",
      "resolved": "https://npm.paypal.com/repository/npm-all/handlebars/-/handlebars-4.0.11.tgz",
      "integrity": "sha1-Ywo13+ApS8KB7a5v/F0yn8eYLcw=",
      "requires": {
        "async": "1.5.2",
        "optimist": "0.6.1",
        "source-map": "0.4.4",
        "uglify-js": "2.8.29"
      }
    },
    "hapi": {
      "version": "13.5.3",
      "resolved": "https://npm.paypal.com/repository/npm-all/hapi/-/hapi-13.5.3.tgz",
      "integrity": "sha1-gYtdneXokGveaMoL0ZqTZWQTwCg=",
      "requires": {
        "accept": "2.1.1",
        "ammo": "2.0.1",
        "boom": "3.2.0",
        "call": "3.0.2",
        "catbox": "7.1.1",
        "catbox-memory": "2.0.2",
        "cryptiles": "3.0.1",
        "heavy": "4.0.1",
        "hoek": "4.0.0",
        "iron": "4.0.1",
        "items": "2.1.0",
        "joi": "8.1.0",
        "kilt": "2.0.1",
        "mimos": "3.0.1",
        "peekaboo": "2.0.1",
        "shot": "3.1.0",
        "statehood": "4.0.1",
        "subtext": "4.0.3",
        "topo": "2.0.1"
      },
      "dependencies": {
        "accept": {
          "version": "2.1.1",
          "resolved": "https://npm.paypal.com/repository/npm-all/accept/-/accept-2.1.1.tgz",
          "integrity": "sha1-vJxvGDwBKdxy9yWIV+fMj0idD2E=",
          "requires": {
            "boom": "3.2.0",
            "hoek": "4.0.0"
          }
        },
        "ammo": {
          "version": "2.0.1",
          "resolved": "https://npm.paypal.com/repository/npm-all/ammo/-/ammo-2.0.1.tgz",
          "integrity": "sha1-agfseOgSneLf01G6bnmDULJqMt8=",
          "requires": {
            "boom": "3.2.0",
            "hoek": "4.0.0"
          }
        },
        "boom": {
          "version": "3.2.0",
          "resolved": "https://npm.paypal.com/repository/npm-all/boom/-/boom-3.2.0.tgz",
          "integrity": "sha1-Z92RhQy0gV4FGqXBi1eKS5o7/eg=",
          "requires": {
            "hoek": "4.0.0"
          }
        },
        "call": {
          "version": "3.0.2",
          "resolved": "https://npm.paypal.com/repository/npm-all/call/-/call-3.0.2.tgz",
          "integrity": "sha1-y+/QTvwaB7kdxAllDrcKsuDSpx4=",
          "requires": {
            "boom": "3.2.0",
            "hoek": "4.0.0"
          }
        },
        "catbox": {
          "version": "7.1.1",
          "resolved": "https://npm.paypal.com/repository/npm-all/catbox/-/catbox-7.1.1.tgz",
          "integrity": "sha1-KBkzXfpFs3JgubkZN+mWttCg09I=",
          "requires": {
            "boom": "3.2.0",
            "hoek": "4.0.0",
            "joi": "8.1.0"
          }
        },
        "catbox-memory": {
          "version": "2.0.2",
          "resolved": "https://npm.paypal.com/repository/npm-all/catbox-memory/-/catbox-memory-2.0.2.tgz",
          "integrity": "sha1-XqRKtmYOUHtumE9qZW2K8sps6zs=",
          "requires": {
            "hoek": "4.0.0"
          }
        },
        "cryptiles": {
          "version": "3.0.1",
          "resolved": "https://npm.paypal.com/repository/npm-all/cryptiles/-/cryptiles-3.0.1.tgz",
          "integrity": "sha1-4KDpAhk3Vq/Veqp2AtQ/VQczBeI=",
          "requires": {
            "boom": "3.2.0"
          }
        },
        "heavy": {
          "version": "4.0.1",
          "resolved": "https://npm.paypal.com/repository/npm-all/heavy/-/heavy-4.0.1.tgz",
          "integrity": "sha1-UJAaFEiCU8K5VrAHKZbI9WGHA0Y=",
          "requires": {
            "boom": "3.2.0",
            "hoek": "4.0.0",
            "joi": "8.1.0"
          }
        },
        "hoek": {
          "version": "4.0.0",
          "resolved": "https://npm.paypal.com/repository/npm-all/hoek/-/hoek-4.0.0.tgz",
          "integrity": "sha1-NCm9h9lUj9RU5PbIVCiZropB30o="
        },
        "iron": {
          "version": "4.0.1",
          "resolved": "https://npm.paypal.com/repository/npm-all/iron/-/iron-4.0.1.tgz",
          "integrity": "sha1-yCKCABIdU89gu5BfHN3Dxb4Akys=",
          "requires": {
            "boom": "3.2.0",
            "cryptiles": "3.0.1",
            "hoek": "4.0.0"
          }
        },
        "items": {
          "version": "2.1.0",
          "resolved": "https://npm.paypal.com/repository/npm-all/items/-/items-2.1.0.tgz",
          "integrity": "sha1-L9AdSJ5+xYYb8Q69td3KM4Q8hQ8="
        },
        "joi": {
          "version": "8.1.0",
          "resolved": "https://npm.paypal.com/repository/npm-all/joi/-/joi-8.1.0.tgz",
          "integrity": "sha1-WhkJTM5oAJzhGDHzutOh4eCvotE=",
          "requires": {
            "hoek": "4.0.0",
            "isemail": "2.1.2",
            "moment": "2.13.0",
            "topo": "2.0.1"
          },
          "dependencies": {
            "isemail": {
              "version": "2.1.2",
              "resolved": "https://npm.paypal.com/repository/npm-all/isemail/-/isemail-2.1.2.tgz",
              "integrity": "sha1-YkwVWmd0MRRopQN6k/G10fFmd6Q="
            },
            "moment": {
              "version": "2.13.0",
              "resolved": "https://npm.paypal.com/repository/npm-all/moment/-/moment-2.13.0.tgz",
              "integrity": "sha1-JBYtmVIebUD5muaTnoBtITnqrFI="
            }
          }
        },
        "kilt": {
          "version": "2.0.1",
          "resolved": "https://npm.paypal.com/repository/npm-all/kilt/-/kilt-2.0.1.tgz",
          "integrity": "sha1-bj33ed8bifSZgZ2pJS5vFc0BfzM=",
          "requires": {
            "hoek": "4.0.0"
          }
        },
        "mimos": {
          "version": "3.0.1",
          "resolved": "https://npm.paypal.com/repository/npm-all/mimos/-/mimos-3.0.1.tgz",
          "integrity": "sha1-o/H/CaELVllHNDrDNyP1JGfWlfQ=",
          "requires": {
            "hoek": "4.0.0",
            "mime-db": "1.23.0"
          },
          "dependencies": {
            "mime-db": {
              "version": "1.23.0",
              "resolved": "https://npm.paypal.com/repository/npm-all/mime-db/-/mime-db-1.23.0.tgz",
              "integrity": "sha1-oxtAcK2uon1zLqMzdApk0OyaZlk="
            }
          }
        },
        "peekaboo": {
          "version": "2.0.1",
          "resolved": "https://npm.paypal.com/repository/npm-all/peekaboo/-/peekaboo-2.0.1.tgz",
          "integrity": "sha1-EQXxouquXY/p8In2/ummYCqCsus="
        },
        "shot": {
          "version": "3.1.0",
          "resolved": "https://npm.paypal.com/repository/npm-all/shot/-/shot-3.1.0.tgz",
          "integrity": "sha1-kvOMYIWECwZNPBzZ14hC/FxPSDw="
        },
        "statehood": {
          "version": "4.0.1",
          "resolved": "https://npm.paypal.com/repository/npm-all/statehood/-/statehood-4.0.1.tgz",
          "integrity": "sha1-hc6QUwTDCZi6zRwL93h/qKvGCVg=",
          "requires": {
            "boom": "3.2.0",
            "cryptiles": "3.0.1",
            "hoek": "4.0.0",
            "iron": "4.0.1",
            "items": "2.1.0",
            "joi": "8.1.0"
          }
        },
        "subtext": {
          "version": "4.0.3",
          "resolved": "https://npm.paypal.com/repository/npm-all/subtext/-/subtext-4.0.3.tgz",
          "integrity": "sha1-XF2cVMxl/292f/Bzu4fsITUwhSQ=",
          "requires": {
            "boom": "3.2.0",
            "content": "3.0.1",
            "hoek": "4.0.0",
            "pez": "2.1.1",
            "wreck": "7.2.1"
          },
          "dependencies": {
            "content": {
              "version": "3.0.1",
              "resolved": "https://npm.paypal.com/repository/npm-all/content/-/content-3.0.1.tgz",
              "integrity": "sha1-5PXwSKSw6kMiDEHADNOJWsBl8so=",
              "requires": {
                "boom": "3.2.0"
              }
            },
            "pez": {
              "version": "2.1.1",
              "resolved": "https://npm.paypal.com/repository/npm-all/pez/-/pez-2.1.1.tgz",
              "integrity": "sha1-S1OYWcfr5v1pO5bh7UQriSxy7fI=",
              "requires": {
                "b64": "3.0.1",
                "boom": "3.2.0",
                "content": "3.0.1",
                "hoek": "4.0.0",
                "nigel": "2.0.1"
              },
              "dependencies": {
                "b64": {
                  "version": "3.0.1",
                  "resolved": "https://npm.paypal.com/repository/npm-all/b64/-/b64-3.0.1.tgz",
                  "integrity": "sha1-F9ez+b8IG1/zGviRc55pUo1yYFo=",
                  "requires": {
                    "hoek": "4.0.0"
                  }
                },
                "nigel": {
                  "version": "2.0.1",
                  "resolved": "https://npm.paypal.com/repository/npm-all/nigel/-/nigel-2.0.1.tgz",
                  "integrity": "sha1-ujcV/GMZsR6dYjKnPbDh3KprnBo=",
                  "requires": {
                    "hoek": "4.0.0",
                    "vise": "2.0.1"
                  },
                  "dependencies": {
                    "vise": {
                      "version": "2.0.1",
                      "resolved": "https://npm.paypal.com/repository/npm-all/vise/-/vise-2.0.1.tgz",
                      "integrity": "sha1-RbryamPuomyvGp06bd9xaJVQh/Q=",
                      "requires": {
                        "hoek": "4.0.0"
                      }
                    }
                  }
                }
              }
            },
            "wreck": {
              "version": "7.2.1",
              "resolved": "https://npm.paypal.com/repository/npm-all/wreck/-/wreck-7.2.1.tgz",
              "integrity": "sha1-7s0R0NkeozTWa7PsUjFUBdpokVg=",
              "requires": {
                "boom": "3.2.0",
                "hoek": "4.0.0"
              }
            }
          }
        },
        "topo": {
          "version": "2.0.1",
          "resolved": "https://npm.paypal.com/repository/npm-all/topo/-/topo-2.0.1.tgz",
          "integrity": "sha1-yh9pqDQhjCG4JquywDNSEu3gS3U=",
          "requires": {
            "hoek": "4.0.0"
          }
        }
      }
    },
    "hoek": {
      "version": "3.0.4",
      "resolved": "https://npm.paypal.com/repository/npm-all/hoek/-/hoek-3.0.4.tgz",
      "integrity": "sha1-Jorf9mu2aVxptHiaiLHghHw/MSM="
    },
    "inert": {
      "version": "3.2.1",
      "resolved": "https://npm.paypal.com/repository/npm-all/inert/-/inert-3.2.1.tgz",
      "integrity": "sha1-xJZcXhh87z2yxChy5S51cAh2Qn0=",
      "requires": {
        "ammo": "1.0.1",
        "boom": "2.10.1",
        "hoek": "2.16.3",
        "items": "1.1.1",
        "joi": "6.10.1",
        "lru-cache": "2.7.3"
      },
      "dependencies": {
        "hoek": {
          "version": "2.16.3",
          "resolved": "https://npm.paypal.com/repository/npm-all/hoek/-/hoek-2.16.3.tgz",
          "integrity": "sha1-ILt0A9POo5jpHcRxCo/xuCdKJe0="
        }
      }
    },
    "inherits": {
      "version": "2.0.1",
      "resolved": "https://npm.paypal.com/repository/npm-all/inherits/-/inherits-2.0.1.tgz",
      "integrity": "sha1-sX0I0ya0Qj5Wjv9xn5GwscvfafE="
    },
    "is-buffer": {
      "version": "1.1.6",
      "resolved": "https://npm.paypal.com/repository/npm-all/is-buffer/-/is-buffer-1.1.6.tgz",
      "integrity": "sha512-NcdALwpXkTm5Zvvbk7owOUSvVvBKDgKP5/ewfXEznmQFfs4ZRmanOeKBTjRVjka3QFoN6XJ+9F3USqfHqTaU5w=="
    },
    "isemail": {
      "version": "1.2.0",
      "resolved": "https://npm.paypal.com/repository/npm-all/isemail/-/isemail-1.2.0.tgz",
      "integrity": "sha1-vgPfjMPineTSxd9lASY/H6RZXpo="
    },
    "items": {
      "version": "1.1.1",
      "resolved": "https://npm.paypal.com/repository/npm-all/items/-/items-1.1.1.tgz",
      "integrity": "sha1-Q1td0hvKKLPP0lu1xrJ4txUBD9k="
    },
    "joi": {
      "version": "6.10.1",
      "resolved": "https://npm.paypal.com/repository/npm-all/joi/-/joi-6.10.1.tgz",
      "integrity": "sha1-TVDDGAeRIgAP5fFq8f+OGRe3fgY=",
      "requires": {
        "hoek": "2.16.3",
        "isemail": "1.2.0",
        "moment": "2.22.1",
        "topo": "1.1.0"
      },
      "dependencies": {
        "hoek": {
          "version": "2.16.3",
          "resolved": "https://npm.paypal.com/repository/npm-all/hoek/-/hoek-2.16.3.tgz",
          "integrity": "sha1-ILt0A9POo5jpHcRxCo/xuCdKJe0="
        }
      }
    },
    "kind-of": {
      "version": "3.2.2",
      "resolved": "https://npm.paypal.com/repository/npm-all/kind-of/-/kind-of-3.2.2.tgz",
      "integrity": "sha1-MeohpzS6ubuw8yRm2JOupR5KPGQ=",
      "requires": {
        "is-buffer": "1.1.6"
      }
    },
    "lazy-cache": {
      "version": "1.0.4",
      "resolved": "https://npm.paypal.com/repository/npm-all/lazy-cache/-/lazy-cache-1.0.4.tgz",
      "integrity": "sha1-odePw6UEdMuAhF07O24dpJpEbo4=",
      "optional": true
    },
    "longest": {
      "version": "1.0.1",
      "resolved": "https://npm.paypal.com/repository/npm-all/longest/-/longest-1.0.1.tgz",
      "integrity": "sha1-MKCy2jj3N3DoKUoNIuZiXtd9AJc="
    },
    "lru-cache": {
      "version": "2.7.3",
      "resolved": "https://npm.paypal.com/repository/npm-all/lru-cache/-/lru-cache-2.7.3.tgz",
      "integrity": "sha1-bUUk6LlV+V1PW1iFHOId1y+06VI="
    },
    "minimist": {
      "version": "0.0.10",
      "resolved": "https://npm.paypal.com/repository/npm-all/minimist/-/minimist-0.0.10.tgz",
      "integrity": "sha1-3j+YVD2/lggr5IrRoMfNqDYwHc8="
    },
    "moment": {
      "version": "2.22.1",
      "resolved": "https://npm.paypal.com/repository/npm-all/moment/-/moment-2.22.1.tgz",
      "integrity": "sha512-shJkRTSebXvsVqk56I+lkb2latjBs8I+pc2TzWc545y2iFnSjm7Wg0QMh+ZWcdSLQyGEau5jI8ocnmkyTgr9YQ=="
    },
    "optimist": {
      "version": "0.6.1",
      "resolved": "https://npm.paypal.com/repository/npm-all/optimist/-/optimist-0.6.1.tgz",
      "integrity": "sha1-2j6nRob6IaGaERwybpDrFaAZZoY=",
      "requires": {
        "minimist": "0.0.10",
        "wordwrap": "0.0.3"
      }
    },
    "path": {
      "version": "0.12.7",
      "resolved": "https://npm.paypal.com/repository/npm-all/path/-/path-0.12.7.tgz",
      "integrity": "sha1-1NwqUGxM4hl+tIHr/NWzbAFAsQ8=",
      "requires": {
        "process": "0.11.10",
        "util": "0.10.3"
      }
    },
    "paypal-rest-sdk": {
      "version": "1.8.1",
      "resolved": "https://npm.paypal.com/repository/npm-all/paypal-rest-sdk/-/paypal-rest-sdk-1.8.1.tgz",
      "integrity": "sha512-Trj2GuPn10GqpICAxQh5wjxuDT7rq7DMOkvyatz05wI5xPGmqXN7UC0WfDSF9WSBs4YdcWZP0g+nY+sOdaFggw==",
      "requires": {
        "buffer-crc32": "0.2.13",
        "semver": "5.5.0"
      }
    },
    "process": {
      "version": "0.11.10",
      "resolved": "https://npm.paypal.com/repository/npm-all/process/-/process-0.11.10.tgz",
      "integrity": "sha1-czIwDoQBYb2j5podHZGn1LwW8YI="
    },
    "repeat-string": {
      "version": "1.6.1",
      "resolved": "https://npm.paypal.com/repository/npm-all/repeat-string/-/repeat-string-1.6.1.tgz",
      "integrity": "sha1-jcrkcOHIirwtYA//Sndihtp15jc="
    },
    "right-align": {
      "version": "0.1.3",
      "resolved": "https://npm.paypal.com/repository/npm-all/right-align/-/right-align-0.1.3.tgz",
      "integrity": "sha1-YTObci/mo1FWiSENJOFMlhSGE+8=",
      "optional": true,
      "requires": {
        "align-text": "0.1.4"
      }
    },
    "semver": {
      "version": "5.5.0",
      "resolved": "https://npm.paypal.com/repository/npm-all/semver/-/semver-5.5.0.tgz",
      "integrity": "sha512-4SJ3dm0WAwWy/NVeioZh5AntkdJoWKxHxcmyP622fOkgHa4z3R0TdBJICINyaSDE6uNwVc8gZr+ZinwZAH4xIA=="
    },
    "source-map": {
      "version": "0.4.4",
      "resolved": "https://npm.paypal.com/repository/npm-all/source-map/-/source-map-0.4.4.tgz",
      "integrity": "sha1-66T12pwNyZneaAMti092FzZSA2s=",
      "requires": {
        "amdefine": "1.0.1"
      }
    },
    "topo": {
      "version": "1.1.0",
      "resolved": "https://npm.paypal.com/repository/npm-all/topo/-/topo-1.1.0.tgz",
      "integrity": "sha1-6ddRYV0buH3IZdsYL6HKCl71NtU=",
      "requires": {
        "hoek": "2.16.3"
      },
      "dependencies": {
        "hoek": {
          "version": "2.16.3",
          "resolved": "https://npm.paypal.com/repository/npm-all/hoek/-/hoek-2.16.3.tgz",
          "integrity": "sha1-ILt0A9POo5jpHcRxCo/xuCdKJe0="
        }
      }
    },
    "uglify-js": {
      "version": "2.8.29",
      "resolved": "https://npm.paypal.com/repository/npm-all/uglify-js/-/uglify-js-2.8.29.tgz",
      "integrity": "sha1-KcVzMUgFe7Th913zW3qcty5qWd0=",
      "optional": true,
      "requires": {
        "source-map": "0.5.7",
        "uglify-to-browserify": "1.0.2",
        "yargs": "3.10.0"
      },
      "dependencies": {
        "source-map": {
          "version": "0.5.7",
          "resolved": "https://npm.paypal.com/repository/npm-all/source-map/-/source-map-0.5.7.tgz",
          "integrity": "sha1-igOdLRAh0i0eoUyA2OpGi6LvP8w=",
          "optional": true
        }
      }
    },
    "uglify-to-browserify": {
      "version": "1.0.2",
      "resolved": "https://npm.paypal.com/repository/npm-all/uglify-to-browserify/-/uglify-to-browserify-1.0.2.tgz",
      "integrity": "sha1-bgkk1r2mta/jSeOabWMoUKD4grc=",
      "optional": true
    },
    "util": {
      "version": "0.10.3",
      "resolved": "https://npm.paypal.com/repository/npm-all/util/-/util-0.10.3.tgz",
      "integrity": "sha1-evsa/lCAUkZInj23/g7TeTNqwPk=",
      "requires": {
        "inherits": "2.0.1"
      }
    },
    "vision": {
      "version": "4.1.1",
      "resolved": "https://npm.paypal.com/repository/npm-all/vision/-/vision-4.1.1.tgz",
      "integrity": "sha1-4bYSstLi8gMQoDkpD9SdUSSPgto=",
      "requires": {
        "boom": "4.3.1",
        "hoek": "4.2.1",
        "items": "2.1.1",
        "joi": "10.6.0"
      },
      "dependencies": {
        "boom": {
          "version": "4.3.1",
          "resolved": "https://npm.paypal.com/repository/npm-all/boom/-/boom-4.3.1.tgz",
          "integrity": "sha1-T4owBctKfjiJ90kDD9JbluAdLjE=",
          "requires": {
            "hoek": "4.2.1"
          }
        },
        "hoek": {
          "version": "4.2.1",
          "resolved": "https://npm.paypal.com/repository/npm-all/hoek/-/hoek-4.2.1.tgz",
          "integrity": "sha512-QLg82fGkfnJ/4iy1xZ81/9SIJiq1NGFUMGs6ParyjBZr6jW2Ufj/snDqTHixNlHdPNwN2RLVD0Pi3igeK9+JfA=="
        },
        "isemail": {
          "version": "2.2.1",
          "resolved": "https://npm.paypal.com/repository/npm-all/isemail/-/isemail-2.2.1.tgz",
          "integrity": "sha1-A1PT2aYpUQgMJiwqoKQrjqjp4qY="
        },
        "items": {
          "version": "2.1.1",
          "resolved": "https://npm.paypal.com/repository/npm-all/items/-/items-2.1.1.tgz",
          "integrity": "sha1-i9FtnIOxlSneWuoyGsqtp4NkoZg="
        },
        "joi": {
          "version": "10.6.0",
          "resolved": "https://npm.paypal.com/repository/npm-all/joi/-/joi-10.6.0.tgz",
          "integrity": "sha512-hBF3LcqyAid+9X/pwg+eXjD2QBZI5eXnBFJYaAkH4SK3mp9QSRiiQnDYlmlz5pccMvnLcJRS4whhDOTCkmsAdQ==",
          "requires": {
            "hoek": "4.2.1",
            "isemail": "2.2.1",
            "items": "2.1.1",
            "topo": "2.0.2"
          }
        },
        "topo": {
          "version": "2.0.2",
          "resolved": "https://npm.paypal.com/repository/npm-all/topo/-/topo-2.0.2.tgz",
          "integrity": "sha1-zVYVdSU5BXwNwEkaYhw7xvvh0YI=",
          "requires": {
            "hoek": "4.2.1"
          }
        }
      }
    },
    "window-size": {
      "version": "0.1.0",
      "resolved": "https://npm.paypal.com/repository/npm-all/window-size/-/window-size-0.1.0.tgz",
      "integrity": "sha1-VDjNLqk7IC76Ohn+iIeu58lPnJ0=",
      "optional": true
    },
    "wordwrap": {
      "version": "0.0.3",
      "resolved": "https://npm.paypal.com/repository/npm-all/wordwrap/-/wordwrap-0.0.3.tgz",
      "integrity": "sha1-o9XabNXAvAAI03I0u68b7WMFkQc="
    },
    "yargs": {
      "version": "3.10.0",
      "resolved": "https://npm.paypal.com/repository/npm-all/yargs/-/yargs-3.10.0.tgz",
      "integrity": "sha1-9+572FfdfB0tOMDnTvvWgdFDH9E=",
      "optional": true,
      "requires": {
        "camelcase": "1.2.1",
        "cliui": "2.1.0",
        "decamelize": "1.2.0",
        "window-size": "0.1.0"
      }
    }
  }
}
